
Microsoft Visual Studio Solution File, Format Version 12.00
# Visual Studio 14
VisualStudioVersion = 14.0.24720.0
MinimumVisualStudioVersion = 10.0.40219.1
Project("{FAE04EC0-301F-11D3-BF4B-00C04F79EFBC}") = "FierceGalaxyInterface", "FierceGalaxyInterface\FierceGalaxyInterface.csproj", "{10FC4531-BD9C-4CBA-B478-00C2EC04EB7A}"
EndProject
Project("{FAE04EC0-301F-11D3-BF4B-00C04F79EFBC}") = "FierceGalaxyServer", "FierceGalaxyServer\FierceGalaxyServer.csproj", "{70AF6D59-A5DB-43FF-863D-3ED8DF4F82CF}"
EndProject
Project("{FAE04EC0-301F-11D3-BF4B-00C04F79EFBC}") = "ConsoleApplication1", "ConsoleApplication1\ConsoleApplication1.csproj", "{A323AE3D-E3B4-49FE-8CBA-E42E454F946D}"
EndProject
Global
	GlobalSection(SolutionConfigurationPlatforms) = preSolution
		Debug|Any CPU = Debug|Any CPU
		Release|Any CPU = Release|Any CPU
	EndGlobalSection
	GlobalSection(ProjectConfigurationPlatforms) = postSolution
		{10FC4531-BD9C-4CBA-B478-00C2EC04EB7A}.Debug|Any CPU.ActiveCfg = Debug|Any CPU
		{10FC4531-BD9C-4CBA-B478-00C2EC04EB7A}.Debug|Any CPU.Build.0 = Debug|Any CPU
		{10FC4531-BD9C-4CBA-B478-00C2EC04EB7A}.Release|Any CPU.ActiveCfg = Release|Any CPU
		{10FC4531-BD9C-4CBA-B478-00C2EC04EB7A}.Release|Any CPU.Build.0 = Release|Any CPU
		{70AF6D59-A5DB-43FF-863D-3ED8DF4F82CF}.Debug|Any CPU.ActiveCfg = Debug|Any CPU
		{70AF6D59-A5DB-43FF-863D-3ED8DF4F82CF}.Debug|Any CPU.Build.0 = Debug|Any CPU
		{70AF6D59-A5DB-43FF-863D-3ED8DF4F82CF}.Release|Any CPU.ActiveCfg = Release|Any CPU
		{70AF6D59-A5DB-43FF-863D-3ED8DF4F82CF}.Release|Any CPU.Build.0 = Release|Any CPU
		{A323AE3D-E3B4-49FE-8CBA-E42E454F946D}.Debug|Any CPU.ActiveCfg = Debug|Any CPU
		{A323AE3D-E3B4-49FE-8CBA-E42E454F946D}.Debug|Any CPU.Build.0 = Debug|Any CPU
		{A323AE3D-E3B4-49FE-8CBA-E42E454F946D}.Release|Any CPU.ActiveCfg = Release|Any CPU
		{A323AE3D-E3B4-49FE-8CBA-E42E454F946D}.Release|Any CPU.Build.0 = Release|Any CPU
	EndGlobalSection
	GlobalSection(SolutionProperties) = preSolution
		HideSolutionNode = FALSE
	EndGlobalSection
EndGlobal
